
Microsoft Visual Studio Solution File, Format Version 12.00
# Visual Studio Version 17
VisualStudioVersion = 17.10.34928.147
MinimumVisualStudioVersion = 10.0.40219.1
Project("{FAE04EC0-301F-11D3-BF4B-00C04F79EFBC}") = "BPUNGUILS6", "BPUNGUILS6.csproj", "{C079D393-8DB6-4B34-BCAB-FD7B884F9880}"
EndProject
Global
	GlobalSection(SolutionConfigurationPlatforms) = preSolution
		Debug|Any CPU = Debug|Any CPU
		Release|Any CPU = Release|Any CPU
	EndGlobalSection
	GlobalSection(ProjectConfigurationPlatforms) = postSolution
		{C079D393-8DB6-4B34-BCAB-FD7B884F9880}.Debug|Any CPU.ActiveCfg = Debug|Any CPU
		{C079D393-8DB6-4B34-BCAB-FD7B884F9880}.Debug|Any CPU.Build.0 = Debug|Any CPU
		{C079D393-8DB6-4B34-BCAB-FD7B884F9880}.Debug|Any CPU.Deploy.0 = Debug|Any CPU
		{C079D393-8DB6-4B34-BCAB-FD7B884F9880}.Release|Any CPU.ActiveCfg = Release|Any CPU
		{C079D393-8DB6-4B34-BCAB-FD7B884F9880}.Release|Any CPU.Build.0 = Release|Any CPU
		{C079D393-8DB6-4B34-BCAB-FD7B884F9880}.Release|Any CPU.Deploy.0 = Release|Any CPU
	EndGlobalSection
	GlobalSection(SolutionProperties) = preSolution
		HideSolutionNode = FALSE
	EndGlobalSection
	GlobalSection(ExtensibilityGlobals) = postSolution
		SolutionGuid = {0E0A9827-D2D4-4474-AF0C-1DE55D8A4AA0}
	EndGlobalSection
EndGlobal
